# THIS IS AN AUTOGENERATED FILE. DO NOT EDIT THIS FILE DIRECTLY.
# yarn lockfile v1


"@arcletjs/alconna@file:D:\\Download\\Projects\\NEPattern-TS\\packages\\alconna":
  "resolved" "file:packages/alconna"
  "version" "1.0.0"

"@arcletjs/nepattern@file:D:\\Download\\Projects\\NEPattern-TS\\packages\\nepattern":
  "resolved" "file:packages/nepattern"
  "version" "1.0.0"
  dependencies:
    "@types/node" "^18.11.18"

"@types/node@^18.11.18":
  "integrity" "sha512-DHQpWGjyQKSHj3ebjFI/wRKcqQcdR+MoFBygntYOZytCqNfkd2ZC4ARDJ2DQqhjH5p85Nnd3jhUJIXrszFX/JA=="
  "resolved" "https://registry.npmmirror.com/@types/node/-/node-18.11.18.tgz"
  "version" "18.11.18"
